
Microsoft Visual Studio Solution File, Format Version 12.00
# Visual Studio Version 17
VisualStudioVersion = 17.9.34622.214
MinimumVisualStudioVersion = 10.0.40219.1
Project("{9A19103F-16F7-4668-BE54-9A1E7A4F7556}") = "CalculatorApp", "CalculatorApp.csproj", "{72233286-CA09-4541-80EB-ED5695D72E29}"
EndProject
Project("{FAE04EC0-301F-11D3-BF4B-00C04F79EFBC}") = "CalculatorServices", "..\CalculatorServices\CalculatorServices.csproj", "{2748C504-AE81-44EB-ACD8-D050787F7C63}"
EndProject
Global
	GlobalSection(SolutionConfigurationPlatforms) = preSolution
		Debug|Any CPU = Debug|Any CPU
		Release|Any CPU = Release|Any CPU
	EndGlobalSection
	GlobalSection(ProjectConfigurationPlatforms) = postSolution
		{72233286-CA09-4541-80EB-ED5695D72E29}.Debug|Any CPU.ActiveCfg = Debug|Any CPU
		{72233286-CA09-4541-80EB-ED5695D72E29}.Debug|Any CPU.Build.0 = Debug|Any CPU
		{72233286-CA09-4541-80EB-ED5695D72E29}.Release|Any CPU.ActiveCfg = Release|Any CPU
		{72233286-CA09-4541-80EB-ED5695D72E29}.Release|Any CPU.Build.0 = Release|Any CPU
		{2748C504-AE81-44EB-ACD8-D050787F7C63}.Debug|Any CPU.ActiveCfg = Debug|Any CPU
		{2748C504-AE81-44EB-ACD8-D050787F7C63}.Debug|Any CPU.Build.0 = Debug|Any CPU
		{2748C504-AE81-44EB-ACD8-D050787F7C63}.Release|Any CPU.ActiveCfg = Release|Any CPU
		{2748C504-AE81-44EB-ACD8-D050787F7C63}.Release|Any CPU.Build.0 = Release|Any CPU
	EndGlobalSection
	GlobalSection(SolutionProperties) = preSolution
		HideSolutionNode = FALSE
	EndGlobalSection
	GlobalSection(ExtensibilityGlobals) = postSolution
		SolutionGuid = {6F1BA7A1-797D-4EAC-A1A9-2342E4CAFFFB}
	EndGlobalSection
EndGlobal
